{
  "nodes": {
    "flake-parts": {
      "inputs": {
        "nixpkgs-lib": "nixpkgs-lib"
      },
      "locked": {
        "lastModified": 1765835352,
        "narHash": "sha256-XswHlK/Qtjasvhd1nOa1e8MgZ8GS//jBoTqWtrS1Giw=",
        "owner": "hercules-ci",
        "repo": "flake-parts",
        "rev": "a34fae9c08a15ad73f295041fec82323541400a9",
        "type": "github"
      },
      "original": {
        "owner": "hercules-ci",
        "repo": "flake-parts",
        "type": "github"
      }
    },
    "home-manager": {
      "inputs": {
        "nixpkgs": [
          "nixpkgs"
        ]
      },
      "locked": {
<<<<<<< HEAD
        "lastModified": 1766171975,
        "narHash": "sha256-47Ee0bTidhF/3/sHuYnWRuxcCrrm0mBNDxBkOTd3wWQ=",
        "owner": "nix-community",
        "repo": "home-manager",
        "rev": "bb35f07cc95a73aacbaf1f7f46bb8a3f40f265b5",
=======
        "lastModified": 1766682973,
        "narHash": "sha256-GKO35onS711ThCxwWcfuvbIBKXwriahGqs+WZuJ3v9E=",
        "owner": "nix-community",
        "repo": "home-manager",
        "rev": "91cdb0e2d574c64fae80d221f4bf09d5592e9ec2",
>>>>>>> 8384674 (hi)
        "type": "github"
      },
      "original": {
        "owner": "nix-community",
        "repo": "home-manager",
        "type": "github"
      }
    },
<<<<<<< HEAD
<<<<<<< HEAD
    "nixCats": {
      "locked": {
        "lastModified": 1765766809,
        "narHash": "sha256-3Xp41+Sb1zIzASa1Uu1k1RMUoJ9CGyYb0GtvvpRPBqg=",
        "owner": "BirdeeHub",
        "repo": "nixCats-nvim",
        "rev": "fe157e3ed69ed14b55ca81f597eac282caed58a2",
        "type": "github"
      },
      "original": {
        "owner": "BirdeeHub",
        "repo": "nixCats-nvim",
=======
=======
    "mnw": {
      "locked": {
        "lastModified": 1766707835,
        "narHash": "sha256-fzehEyKX2aT5z0zJGDKz+VQ6akjS3XbLBbJV+fOlFKo=",
        "owner": "Gerg-L",
        "repo": "mnw",
        "rev": "195457be955922b1d0497ddc62422cc6fc2943ab",
        "type": "github"
      },
      "original": {
        "owner": "Gerg-L",
        "repo": "mnw",
        "type": "github"
      }
    },
>>>>>>> c2fb853 (mnw and darwin configs)
    "nix-darwin": {
      "inputs": {
        "nixpkgs": [
          "nixpkgs"
        ]
      },
      "locked": {
        "lastModified": 1766524813,
        "narHash": "sha256-N/sxS27+t9nGvGWqwwAceSMW/Y5ddcypS/aiTnZ7ScA=",
        "owner": "nix-darwin",
        "repo": "nix-darwin",
        "rev": "c2b36207f2c396c79dbed9d40536db221bd4e363",
        "type": "github"
      },
      "original": {
        "owner": "nix-darwin",
        "ref": "master",
        "repo": "nix-darwin",
>>>>>>> 8384674 (hi)
        "type": "github"
      }
    },
    "nixcats": {
      "locked": {
        "lastModified": 1765766809,
        "narHash": "sha256-3Xp41+Sb1zIzASa1Uu1k1RMUoJ9CGyYb0GtvvpRPBqg=",
        "owner": "BirdeeHub",
        "repo": "nixCats-nvim",
        "rev": "fe157e3ed69ed14b55ca81f597eac282caed58a2",
        "type": "github"
      },
      "original": {
        "owner": "BirdeeHub",
        "repo": "nixCats-nvim",
        "type": "github"
      }
    },
    "nixpkgs": {
      "locked": {
<<<<<<< HEAD
<<<<<<< HEAD
        "lastModified": 1766070988,
        "narHash": "sha256-G/WVghka6c4bAzMhTwT2vjLccg/awmHkdKSd2JrycLc=",
        "owner": "nixos",
        "repo": "nixpkgs",
        "rev": "c6245e83d836d0433170a16eb185cefe0572f8b8",
=======
        "lastModified": 1766624085,
        "narHash": "sha256-ruzNOGQR0HKynAarKRhAYwIZc79IkDqui4ovQmkZPQI=",
        "owner": "nixos",
        "repo": "nixpkgs",
        "rev": "b72f284b1be41575c3e36cd777a191c29a7adf6a",
>>>>>>> 8384674 (hi)
=======
        "lastModified": 1766653575,
        "narHash": "sha256-TPgxCS7+hWc4kPhzkU5dD2M5UuPhLuuaMNZ/IpwKQvI=",
        "owner": "nixos",
        "repo": "nixpkgs",
        "rev": "3c1016e6acd16ad96053116d0d3043029c9e2649",
>>>>>>> c2fb853 (mnw and darwin configs)
        "type": "github"
      },
      "original": {
        "owner": "nixos",
<<<<<<< HEAD
        "ref": "nixos-unstable",
=======
        "ref": "nixpkgs-unstable",
>>>>>>> 8384674 (hi)
        "repo": "nixpkgs",
        "type": "github"
      }
    },
    "nixpkgs-lib": {
      "locked": {
        "lastModified": 1765674936,
        "narHash": "sha256-k00uTP4JNfmejrCLJOwdObYC9jHRrr/5M/a/8L2EIdo=",
        "owner": "nix-community",
        "repo": "nixpkgs.lib",
        "rev": "2075416fcb47225d9b68ac469a5c4801a9c4dd85",
        "type": "github"
      },
      "original": {
        "owner": "nix-community",
        "repo": "nixpkgs.lib",
        "type": "github"
      }
    },
    "nixpkgs_2": {
      "locked": {
        "lastModified": 1758690382,
        "narHash": "sha256-NY3kSorgqE5LMm1LqNwGne3ZLMF2/ILgLpFr1fS4X3o=",
        "owner": "NixOS",
        "repo": "nixpkgs",
        "rev": "e643668fd71b949c53f8626614b21ff71a07379d",
        "type": "github"
      },
      "original": {
        "owner": "NixOS",
        "ref": "nixos-unstable",
        "repo": "nixpkgs",
        "type": "github"
      }
    },
    "noctalia": {
      "inputs": {
        "nixpkgs": [
          "nixpkgs"
        ]
      },
      "locked": {
<<<<<<< HEAD
<<<<<<< HEAD
        "lastModified": 1766202991,
        "narHash": "sha256-i0bSny2EeEdWjErFUXbFfoJOZMJLMsxEYMyw/f5oZu0=",
        "owner": "noctalia-dev",
        "repo": "noctalia-shell",
        "rev": "c8b76c7b90c1a9efa8c8c5a5c3229ca86b855830",
=======
        "lastModified": 1766685190,
        "narHash": "sha256-hTxb24J4M7jwRrj/V1BJSLPdoAGLWAPIsH3TlljFiYE=",
        "owner": "noctalia-dev",
        "repo": "noctalia-shell",
        "rev": "fdbb93938e3b9eab0f7bc1c517af3f775ac8c088",
>>>>>>> 8384674 (hi)
=======
        "lastModified": 1766722529,
        "narHash": "sha256-G65DLn/PVc1Q6P5AOJpNj77y1kMQ220jKHhYCIitkio=",
        "owner": "noctalia-dev",
        "repo": "noctalia-shell",
        "rev": "ce2166a8477918c80358b703edda6450476400f2",
>>>>>>> c2fb853 (mnw and darwin configs)
        "type": "github"
      },
      "original": {
        "owner": "noctalia-dev",
        "repo": "noctalia-shell",
        "type": "github"
      }
    },
    "root": {
      "inputs": {
        "flake-parts": "flake-parts",
        "home-manager": "home-manager",
<<<<<<< HEAD
<<<<<<< HEAD
        "nixCats": "nixCats",
=======
        "nix-darwin": "nix-darwin",
>>>>>>> 8384674 (hi)
=======
        "mnw": "mnw",
        "nix-darwin": "nix-darwin",
        "nixcats": "nixcats",
>>>>>>> c2fb853 (mnw and darwin configs)
        "nixpkgs": "nixpkgs",
        "noctalia": "noctalia",
        "wrappers": "wrappers"
      }
    },
    "wrappers": {
      "inputs": {
        "nixpkgs": "nixpkgs_2"
      },
      "locked": {
<<<<<<< HEAD
        "lastModified": 1764326721,
        "narHash": "sha256-JT6Nz/I4IpJNIbY5Oy+NpHTe4fqEsIuxIpIZAfEZWEc=",
        "owner": "lassulus",
        "repo": "wrappers",
        "rev": "94d1131dd8c8a310f3e23c82ee75919cb401e716",
=======
        "lastModified": 1766525018,
        "narHash": "sha256-KxuDPpgX1Em+u3TmVJid6ZYmu4Ka1+jqo34fDzN61hE=",
        "owner": "lassulus",
        "repo": "wrappers",
        "rev": "7ea9ba94ed2bd1fa4ae37b2665498e1950180f8a",
>>>>>>> 8384674 (hi)
        "type": "github"
      },
      "original": {
        "owner": "lassulus",
        "repo": "wrappers",
        "type": "github"
      }
    }
  },
  "root": "root",
  "version": 7
}
